// !$*UTF8*$!
{
	archiveVersion = 1;
	classes = {
	};
	objectVersion = 56;
	objects = {

/* Begin PBXBuildFile section */
		79098AF42A55966E00E914EA /* ServerValues.swift in Sources */ = {isa = PBXBuildFile; fileRef = 79098AF32A55966E00E914EA /* ServerValues.swift */; };
		79098AF92A55DED500E914EA /* URLSession+dataTask.swift in Sources */ = {isa = PBXBuildFile; fileRef = 79098AF82A55DED500E914EA /* URLSession+dataTask.swift */; };
		79098AFC2A56D18900E914EA /* ApiAccessor.swift in Sources */ = {isa = PBXBuildFile; fileRef = 79098AFB2A56D18900E914EA /* ApiAccessor.swift */; };
		79098AFE2A56D1E300E914EA /* DefaultApiAccessor.swift in Sources */ = {isa = PBXBuildFile; fileRef = 79098AFD2A56D1E300E914EA /* DefaultApiAccessor.swift */; };
		79098B002A56FF0400E914EA /* TodoItemDto.swift in Sources */ = {isa = PBXBuildFile; fileRef = 79098AFF2A56FF0400E914EA /* TodoItemDto.swift */; };
		79098B032A57037900E914EA /* ItemsListDto.swift in Sources */ = {isa = PBXBuildFile; fileRef = 79098B022A57037900E914EA /* ItemsListDto.swift */; };
		793DDA7D2A3B312900EF2754 /* TodoItem+CSV.swift in Sources */ = {isa = PBXBuildFile; fileRef = 793DDA7C2A3B312900EF2754 /* TodoItem+CSV.swift */; };
		793DDA7F2A3B66FE00EF2754 /* TodoItem+CSV.swift in Sources */ = {isa = PBXBuildFile; fileRef = 793DDA7C2A3B312900EF2754 /* TodoItem+CSV.swift */; };
		793DDA842A3BD35700EF2754 /* FileCacheTests.swift in Sources */ = {isa = PBXBuildFile; fileRef = 793DDA832A3BD35700EF2754 /* FileCacheTests.swift */; };
		7974D16C2A48E74B0040B370 /* ModelValues.swift in Sources */ = {isa = PBXBuildFile; fileRef = 7974D16B2A48E74B0040B370 /* ModelValues.swift */; };
		7974D16E2A48EA610040B370 /* TodoNavigationController.swift in Sources */ = {isa = PBXBuildFile; fileRef = 7974D16D2A48EA610040B370 /* TodoNavigationController.swift */; };
		7974D1712A48EDA60040B370 /* TodoListAddButton.swift in Sources */ = {isa = PBXBuildFile; fileRef = 7974D1702A48EDA60040B370 /* TodoListAddButton.swift */; };
		7974D1732A4988C20040B370 /* TodoListBriefingView.swift in Sources */ = {isa = PBXBuildFile; fileRef = 7974D1722A4988C20040B370 /* TodoListBriefingView.swift */; };
		7974D1752A49C4010040B370 /* TodoListTableView.swift in Sources */ = {isa = PBXBuildFile; fileRef = 7974D1742A49C4010040B370 /* TodoListTableView.swift */; };
		7974D1772A49F46C0040B370 /* TodoListCell.swift in Sources */ = {isa = PBXBuildFile; fileRef = 7974D1762A49F46C0040B370 /* TodoListCell.swift */; };
		7974D1792A4B93940040B370 /* CircleCheckboxView.swift in Sources */ = {isa = PBXBuildFile; fileRef = 7974D1782A4B93940040B370 /* CircleCheckboxView.swift */; };
		7974D17C2A4ED8900040B370 /* TodoListViewController+TableView.swift in Sources */ = {isa = PBXBuildFile; fileRef = 7974D17B2A4ED8900040B370 /* TodoListViewController+TableView.swift */; };
		7974D17E2A4ED8B50040B370 /* TodoListViewController+Callbacks.swift in Sources */ = {isa = PBXBuildFile; fileRef = 7974D17D2A4ED8B50040B370 /* TodoListViewController+Callbacks.swift */; };
		7974D1812A4F3FA90040B370 /* CocoaLumberjack in Frameworks */ = {isa = PBXBuildFile; productRef = 7974D1802A4F3FA90040B370 /* CocoaLumberjack */; };
		7974D1832A4F3FA90040B370 /* CocoaLumberjackSwift in Frameworks */ = {isa = PBXBuildFile; productRef = 7974D1822A4F3FA90040B370 /* CocoaLumberjackSwift */; };
		7974D1852A4F3FA90040B370 /* CocoaLumberjackSwiftLogBackend in Frameworks */ = {isa = PBXBuildFile; productRef = 7974D1842A4F3FA90040B370 /* CocoaLumberjackSwiftLogBackend */; };
		7974D1872A4F63550040B370 /* Podfile in Resources */ = {isa = PBXBuildFile; fileRef = 7974D1862A4F63540040B370 /* Podfile */; };
		79845EC52A65CFDC003EA9AC /* TodoYandexAppModernApp.swift in Sources */ = {isa = PBXBuildFile; fileRef = 79845EC42A65CFDC003EA9AC /* TodoYandexAppModernApp.swift */; };
		79845EC72A65CFDC003EA9AC /* ContentView.swift in Sources */ = {isa = PBXBuildFile; fileRef = 79845EC62A65CFDC003EA9AC /* ContentView.swift */; };
		79845EC92A65CFDD003EA9AC /* Assets.xcassets in Resources */ = {isa = PBXBuildFile; fileRef = 79845EC82A65CFDD003EA9AC /* Assets.xcassets */; };
		79845ECC2A65CFDD003EA9AC /* Preview Assets.xcassets in Resources */ = {isa = PBXBuildFile; fileRef = 79845ECB2A65CFDD003EA9AC /* Preview Assets.xcassets */; };
		79845ED72A65D19D003EA9AC /* TodoListView.swift in Sources */ = {isa = PBXBuildFile; fileRef = 79845ED62A65D19D003EA9AC /* TodoListView.swift */; };
		79845ED92A65D24E003EA9AC /* NavigationView.swift in Sources */ = {isa = PBXBuildFile; fileRef = 79845ED82A65D24E003EA9AC /* NavigationView.swift */; };
		798930E52A5805DB0064BDC5 /* SingleItemDto.swift in Sources */ = {isa = PBXBuildFile; fileRef = 798930E42A5805DB0064BDC5 /* SingleItemDto.swift */; };
		798930E72A5873810064BDC5 /* ServerModelSynchronizer.swift in Sources */ = {isa = PBXBuildFile; fileRef = 798930E62A5873810064BDC5 /* ServerModelSynchronizer.swift */; };
		798930EA2A588D810064BDC5 /* FileCachePackage in Frameworks */ = {isa = PBXBuildFile; productRef = 798930E92A588D810064BDC5 /* FileCachePackage */; };
		799EC5202A65D66D00FC1B60 /* TodoItem.swift in Sources */ = {isa = PBXBuildFile; fileRef = 799EC51B2A65D66D00FC1B60 /* TodoItem.swift */; };
		799EC5212A65D66D00FC1B60 /* TodoItem+CSV.swift in Sources */ = {isa = PBXBuildFile; fileRef = 799EC51C2A65D66D00FC1B60 /* TodoItem+CSV.swift */; };
		799EC5222A65D66D00FC1B60 /* TodoItem+Json.swift in Sources */ = {isa = PBXBuildFile; fileRef = 799EC51D2A65D66D00FC1B60 /* TodoItem+Json.swift */; };
		799EC5232A65D66D00FC1B60 /* TodoItemImportance.swift in Sources */ = {isa = PBXBuildFile; fileRef = 799EC51E2A65D66D00FC1B60 /* TodoItemImportance.swift */; };
		799EC5242A65D66D00FC1B60 /* TodoData+CoreDataConversion.swift in Sources */ = {isa = PBXBuildFile; fileRef = 799EC51F2A65D66D00FC1B60 /* TodoData+CoreDataConversion.swift */; };
		799EC5282A68643700FC1B60 /* FileCache.swift in Sources */ = {isa = PBXBuildFile; fileRef = 799EC5272A68643700FC1B60 /* FileCache.swift */; };
		799EC52A2A6865F900FC1B60 /* TodoListItemData.swift in Sources */ = {isa = PBXBuildFile; fileRef = 799EC5292A6865F900FC1B60 /* TodoListItemData.swift */; };
		799EC52D2A68672D00FC1B60 /* TodoDetailsView.swift in Sources */ = {isa = PBXBuildFile; fileRef = 799EC52C2A68672D00FC1B60 /* TodoDetailsView.swift */; };
		799EC52F2A6867BA00FC1B60 /* TodoListItem.swift in Sources */ = {isa = PBXBuildFile; fileRef = 799EC52E2A6867BA00FC1B60 /* TodoListItem.swift */; };
		799EC5342A686C7000FC1B60 /* AssetsValues.swift in Sources */ = {isa = PBXBuildFile; fileRef = 799EC5332A686C7000FC1B60 /* AssetsValues.swift */; };
		799EC5362A6B1A5800FC1B60 /* TodoCheckbox.swift in Sources */ = {isa = PBXBuildFile; fileRef = 799EC5352A6B1A5800FC1B60 /* TodoCheckbox.swift */; };
		799EC5392A6B2EE100FC1B60 /* Color+String.swift in Sources */ = {isa = PBXBuildFile; fileRef = 799EC5382A6B2EE100FC1B60 /* Color+String.swift */; };
		79A4F6B12A42033F003198F6 /* TodoDetailsViewController.swift in Sources */ = {isa = PBXBuildFile; fileRef = 79A4F6B02A42033F003198F6 /* TodoDetailsViewController.swift */; };
		79A4F6C22A42280C003198F6 /* UIExpandingTextView.swift in Sources */ = {isa = PBXBuildFile; fileRef = 79A4F6C12A42280C003198F6 /* UIExpandingTextView.swift */; };
		79A4F6C42A42F94F003198F6 /* AssetsAcessor.swift in Sources */ = {isa = PBXBuildFile; fileRef = 79A4F6C32A42F94F003198F6 /* AssetsAcessor.swift */; };
		79A4F6C92A430E63003198F6 /* LayoutValues.swift in Sources */ = {isa = PBXBuildFile; fileRef = 79A4F6C82A430E63003198F6 /* LayoutValues.swift */; };
		79A4F6CD2A433315003198F6 /* VerticalStackLayoutView.swift in Sources */ = {isa = PBXBuildFile; fileRef = 79A4F6CC2A433315003198F6 /* VerticalStackLayoutView.swift */; };
		79A4F6D12A438776003198F6 /* UIViewController+HideKeyboard.swift in Sources */ = {isa = PBXBuildFile; fileRef = 79A4F6D02A438776003198F6 /* UIViewController+HideKeyboard.swift */; };
		79A4F6D62A438F60003198F6 /* TodoDetailsStackView.swift in Sources */ = {isa = PBXBuildFile; fileRef = 79A4F6D52A438F60003198F6 /* TodoDetailsStackView.swift */; };
		79A4F6D82A438F71003198F6 /* TodoDetailsScrollView.swift in Sources */ = {isa = PBXBuildFile; fileRef = 79A4F6D72A438F71003198F6 /* TodoDetailsScrollView.swift */; };
		79A4F6DA2A439AA8003198F6 /* TodoDetailsSegmentedControlWithLabel.swift in Sources */ = {isa = PBXBuildFile; fileRef = 79A4F6D92A439AA8003198F6 /* TodoDetailsSegmentedControlWithLabel.swift */; };
		79A4F6DC2A439BC8003198F6 /* StyledSegmentedControl.swift in Sources */ = {isa = PBXBuildFile; fileRef = 79A4F6DB2A439BC8003198F6 /* StyledSegmentedControl.swift */; };
		79A4F6DE2A43B1CC003198F6 /* TodoDetailsCalendarSwitch.swift in Sources */ = {isa = PBXBuildFile; fileRef = 79A4F6DD2A43B1CC003198F6 /* TodoDetailsCalendarSwitch.swift */; };
		79A4F6E62A44411F003198F6 /* TodoDetailsDeleteButton.swift in Sources */ = {isa = PBXBuildFile; fileRef = 79A4F6E52A44411F003198F6 /* TodoDetailsDeleteButton.swift */; };
		79A4F6E82A444B32003198F6 /* TodoDetailsNavigationView.swift in Sources */ = {isa = PBXBuildFile; fileRef = 79A4F6E72A444B32003198F6 /* TodoDetailsNavigationView.swift */; };
		79A4F6ED2A45A0E1003198F6 /* DeactivatedView.swift in Sources */ = {isa = PBXBuildFile; fileRef = 79A4F6EC2A45A0E1003198F6 /* DeactivatedView.swift */; };
		79A4F6EF2A45B654003198F6 /* TodoDetailsTextInputView.swift in Sources */ = {isa = PBXBuildFile; fileRef = 79A4F6EE2A45B654003198F6 /* TodoDetailsTextInputView.swift */; };
		79A4F6F32A45C218003198F6 /* TodoDetailsViewModel.swift in Sources */ = {isa = PBXBuildFile; fileRef = 79A4F6F22A45C218003198F6 /* TodoDetailsViewModel.swift */; };
		79A4F6F52A462B07003198F6 /* TodoDetailsSwitchingColorPicker.swift in Sources */ = {isa = PBXBuildFile; fileRef = 79A4F6F42A462B07003198F6 /* TodoDetailsSwitchingColorPicker.swift */; };
		79A4F6F82A464396003198F6 /* gradient.png in Resources */ = {isa = PBXBuildFile; fileRef = 79A4F6F72A464396003198F6 /* gradient.png */; };
		79A4F6FA2A465489003198F6 /* UIView+colorOfPoint.swift in Sources */ = {isa = PBXBuildFile; fileRef = 79A4F6F92A465489003198F6 /* UIView+colorOfPoint.swift */; };
		79A4F6FC2A465A7B003198F6 /* UIColor+String.swift in Sources */ = {isa = PBXBuildFile; fileRef = 79A4F6FB2A465A7B003198F6 /* UIColor+String.swift */; };
		79CB57D32A372279006418BC /* AppDelegate.swift in Sources */ = {isa = PBXBuildFile; fileRef = 79CB57D22A372279006418BC /* AppDelegate.swift */; };
		79CB57D52A372279006418BC /* SceneDelegate.swift in Sources */ = {isa = PBXBuildFile; fileRef = 79CB57D42A372279006418BC /* SceneDelegate.swift */; };
		79CB57D72A372279006418BC /* TodoListViewController.swift in Sources */ = {isa = PBXBuildFile; fileRef = 79CB57D62A372279006418BC /* TodoListViewController.swift */; };
		79CB57DC2A37227A006418BC /* Assets.xcassets in Resources */ = {isa = PBXBuildFile; fileRef = 79CB57DB2A37227A006418BC /* Assets.xcassets */; };
		79CB57DF2A37227A006418BC /* LaunchScreen.storyboard in Resources */ = {isa = PBXBuildFile; fileRef = 79CB57DD2A37227A006418BC /* LaunchScreen.storyboard */; };
		79CB58072A3722BC006418BC /* TodoItem.swift in Sources */ = {isa = PBXBuildFile; fileRef = 79CB58062A3722BC006418BC /* TodoItem.swift */; };
		79CB580A2A3722C6006418BC /* TodoItemImportance.swift in Sources */ = {isa = PBXBuildFile; fileRef = 79CB58092A3722C6006418BC /* TodoItemImportance.swift */; };
		79CB58112A373A1C006418BC /* TodoItem+Json.swift in Sources */ = {isa = PBXBuildFile; fileRef = 79CB58102A373A1C006418BC /* TodoItem+Json.swift */; };
		79CB8EF62A387194001A07EA /* TodoYandexAppTests.swift in Sources */ = {isa = PBXBuildFile; fileRef = 79CB8EF52A387194001A07EA /* TodoYandexAppTests.swift */; };
		79CB8EFD2A3871B7001A07EA /* TodoItemTests.swift in Sources */ = {isa = PBXBuildFile; fileRef = 79CB8EFC2A3871B7001A07EA /* TodoItemTests.swift */; };
		79CB8EFE2A3871DE001A07EA /* TodoItem.swift in Sources */ = {isa = PBXBuildFile; fileRef = 79CB58062A3722BC006418BC /* TodoItem.swift */; };
		79CB8F002A3871DE001A07EA /* TodoItem+Json.swift in Sources */ = {isa = PBXBuildFile; fileRef = 79CB58102A373A1C006418BC /* TodoItem+Json.swift */; };
		79CB8F012A3871DE001A07EA /* TodoItemImportance.swift in Sources */ = {isa = PBXBuildFile; fileRef = 79CB58092A3722C6006418BC /* TodoItemImportance.swift */; };
		79D3D3CD2A5F59C500292DEA /* TodoCache.swift in Sources */ = {isa = PBXBuildFile; fileRef = 79D3D3CC2A5F59C500292DEA /* TodoCache.swift */; };
		79D3D3D52A5FE3DC00292DEA /* Model.xcdatamodeld in Sources */ = {isa = PBXBuildFile; fileRef = 79D3D3D32A5FE3DC00292DEA /* Model.xcdatamodeld */; };
		79D3D3D72A5FECDA00292DEA /* CoreDataCache.swift in Sources */ = {isa = PBXBuildFile; fileRef = 79D3D3D62A5FECDA00292DEA /* CoreDataCache.swift */; };
		79D3D3DD2A6066F000292DEA /* TodoData+CoreDataConversion.swift in Sources */ = {isa = PBXBuildFile; fileRef = 79D3D3DC2A6066F000292DEA /* TodoData+CoreDataConversion.swift */; };
		79D3D3DF2A608B4E00292DEA /* FileCache+TodoCache.swift in Sources */ = {isa = PBXBuildFile; fileRef = 79D3D3DE2A608B4E00292DEA /* FileCache+TodoCache.swift */; };
		79D3D3E22A609B4900292DEA /* TodoCacheBuilder.swift in Sources */ = {isa = PBXBuildFile; fileRef = 79D3D3E12A609B4900292DEA /* TodoCacheBuilder.swift */; };
		79D3D3E42A61F22800292DEA /* SQLiteCache.swift in Sources */ = {isa = PBXBuildFile; fileRef = 79D3D3E32A61F22800292DEA /* SQLiteCache.swift */; };
		79D3D3E72A61F44300292DEA /* SQLite in Frameworks */ = {isa = PBXBuildFile; productRef = 79D3D3E62A61F44300292DEA /* SQLite */; };
/* End PBXBuildFile section */

/* Begin PBXContainerItemProxy section */
		79CB8EF72A387194001A07EA /* PBXContainerItemProxy */ = {
			isa = PBXContainerItemProxy;
			containerPortal = 79CB57C72A372279006418BC /* Project object */;
			proxyType = 1;
			remoteGlobalIDString = 79CB57CE2A372279006418BC;
			remoteInfo = TodoYandexApp;
		};
/* End PBXContainerItemProxy section */

/* Begin PBXFileReference section */
		19F4E82F8590DACDDA1B948A /* Pods-TodoYandexApp-TodoYandexAppTests.release.xcconfig */ = {isa = PBXFileReference; includeInIndex = 1; lastKnownFileType = text.xcconfig; name = "Pods-TodoYandexApp-TodoYandexAppTests.release.xcconfig"; path = "Target Support Files/Pods-TodoYandexApp-TodoYandexAppTests/Pods-TodoYandexApp-TodoYandexAppTests.release.xcconfig"; sourceTree = "<group>"; };
		29AA23367B66264B4C8CFB3F /* Pods-TodoYandexApp-TodoYandexAppTests.debug.xcconfig */ = {isa = PBXFileReference; includeInIndex = 1; lastKnownFileType = text.xcconfig; name = "Pods-TodoYandexApp-TodoYandexAppTests.debug.xcconfig"; path = "Target Support Files/Pods-TodoYandexApp-TodoYandexAppTests/Pods-TodoYandexApp-TodoYandexAppTests.debug.xcconfig"; sourceTree = "<group>"; };
		79098AF32A55966E00E914EA /* ServerValues.swift */ = {isa = PBXFileReference; lastKnownFileType = sourcecode.swift; path = ServerValues.swift; sourceTree = "<group>"; };
		79098AF82A55DED500E914EA /* URLSession+dataTask.swift */ = {isa = PBXFileReference; lastKnownFileType = sourcecode.swift; path = "URLSession+dataTask.swift"; sourceTree = "<group>"; };
		79098AFB2A56D18900E914EA /* ApiAccessor.swift */ = {isa = PBXFileReference; lastKnownFileType = sourcecode.swift; path = ApiAccessor.swift; sourceTree = "<group>"; };
		79098AFD2A56D1E300E914EA /* DefaultApiAccessor.swift */ = {isa = PBXFileReference; lastKnownFileType = sourcecode.swift; path = DefaultApiAccessor.swift; sourceTree = "<group>"; };
		79098AFF2A56FF0400E914EA /* TodoItemDto.swift */ = {isa = PBXFileReference; lastKnownFileType = sourcecode.swift; path = TodoItemDto.swift; sourceTree = "<group>"; };
		79098B022A57037900E914EA /* ItemsListDto.swift */ = {isa = PBXFileReference; lastKnownFileType = sourcecode.swift; path = ItemsListDto.swift; sourceTree = "<group>"; };
		793DDA7C2A3B312900EF2754 /* TodoItem+CSV.swift */ = {isa = PBXFileReference; lastKnownFileType = sourcecode.swift; path = "TodoItem+CSV.swift"; sourceTree = "<group>"; };
		793DDA832A3BD35700EF2754 /* FileCacheTests.swift */ = {isa = PBXFileReference; lastKnownFileType = sourcecode.swift; path = FileCacheTests.swift; sourceTree = "<group>"; };
		7974D16B2A48E74B0040B370 /* ModelValues.swift */ = {isa = PBXFileReference; lastKnownFileType = sourcecode.swift; path = ModelValues.swift; sourceTree = "<group>"; };
		7974D16D2A48EA610040B370 /* TodoNavigationController.swift */ = {isa = PBXFileReference; lastKnownFileType = sourcecode.swift; path = TodoNavigationController.swift; sourceTree = "<group>"; };
		7974D1702A48EDA60040B370 /* TodoListAddButton.swift */ = {isa = PBXFileReference; lastKnownFileType = sourcecode.swift; path = TodoListAddButton.swift; sourceTree = "<group>"; };
		7974D1722A4988C20040B370 /* TodoListBriefingView.swift */ = {isa = PBXFileReference; lastKnownFileType = sourcecode.swift; path = TodoListBriefingView.swift; sourceTree = "<group>"; };
		7974D1742A49C4010040B370 /* TodoListTableView.swift */ = {isa = PBXFileReference; lastKnownFileType = sourcecode.swift; path = TodoListTableView.swift; sourceTree = "<group>"; };
		7974D1762A49F46C0040B370 /* TodoListCell.swift */ = {isa = PBXFileReference; lastKnownFileType = sourcecode.swift; path = TodoListCell.swift; sourceTree = "<group>"; };
		7974D1782A4B93940040B370 /* CircleCheckboxView.swift */ = {isa = PBXFileReference; lastKnownFileType = sourcecode.swift; path = CircleCheckboxView.swift; sourceTree = "<group>"; };
		7974D17B2A4ED8900040B370 /* TodoListViewController+TableView.swift */ = {isa = PBXFileReference; lastKnownFileType = sourcecode.swift; path = "TodoListViewController+TableView.swift"; sourceTree = "<group>"; };
		7974D17D2A4ED8B50040B370 /* TodoListViewController+Callbacks.swift */ = {isa = PBXFileReference; lastKnownFileType = sourcecode.swift; path = "TodoListViewController+Callbacks.swift"; sourceTree = "<group>"; };
		7974D1862A4F63540040B370 /* Podfile */ = {isa = PBXFileReference; fileEncoding = 4; lastKnownFileType = text; path = Podfile; sourceTree = "<group>"; };
		79845EC22A65CFDC003EA9AC /* TodoYandexAppModern.app */ = {isa = PBXFileReference; explicitFileType = wrapper.application; includeInIndex = 0; path = TodoYandexAppModern.app; sourceTree = BUILT_PRODUCTS_DIR; };
		79845EC42A65CFDC003EA9AC /* TodoYandexAppModernApp.swift */ = {isa = PBXFileReference; lastKnownFileType = sourcecode.swift; path = TodoYandexAppModernApp.swift; sourceTree = "<group>"; };
		79845EC62A65CFDC003EA9AC /* ContentView.swift */ = {isa = PBXFileReference; lastKnownFileType = sourcecode.swift; path = ContentView.swift; sourceTree = "<group>"; };
		79845EC82A65CFDD003EA9AC /* Assets.xcassets */ = {isa = PBXFileReference; lastKnownFileType = folder.assetcatalog; path = Assets.xcassets; sourceTree = "<group>"; };
		79845ECB2A65CFDD003EA9AC /* Preview Assets.xcassets */ = {isa = PBXFileReference; lastKnownFileType = folder.assetcatalog; path = "Preview Assets.xcassets"; sourceTree = "<group>"; };
		79845ED62A65D19D003EA9AC /* TodoListView.swift */ = {isa = PBXFileReference; lastKnownFileType = sourcecode.swift; name = TodoListView.swift; path = ../../../../../TodoListView.swift; sourceTree = "<group>"; };
		79845ED82A65D24E003EA9AC /* NavigationView.swift */ = {isa = PBXFileReference; lastKnownFileType = sourcecode.swift; name = NavigationView.swift; path = ../../../../NavigationView.swift; sourceTree = "<group>"; };
		798930E42A5805DB0064BDC5 /* SingleItemDto.swift */ = {isa = PBXFileReference; lastKnownFileType = sourcecode.swift; path = SingleItemDto.swift; sourceTree = "<group>"; };
		798930E62A5873810064BDC5 /* ServerModelSynchronizer.swift */ = {isa = PBXFileReference; lastKnownFileType = sourcecode.swift; path = ServerModelSynchronizer.swift; sourceTree = "<group>"; };
		798930E82A588D720064BDC5 /* FileCachePackage */ = {isa = PBXFileReference; lastKnownFileType = wrapper; name = FileCachePackage; path = YandexTodoAppComponents/FileCachePackage; sourceTree = "<group>"; };
		799EC51B2A65D66D00FC1B60 /* TodoItem.swift */ = {isa = PBXFileReference; fileEncoding = 4; lastKnownFileType = sourcecode.swift; path = TodoItem.swift; sourceTree = "<group>"; };
		799EC51C2A65D66D00FC1B60 /* TodoItem+CSV.swift */ = {isa = PBXFileReference; fileEncoding = 4; lastKnownFileType = sourcecode.swift; path = "TodoItem+CSV.swift"; sourceTree = "<group>"; };
		799EC51D2A65D66D00FC1B60 /* TodoItem+Json.swift */ = {isa = PBXFileReference; fileEncoding = 4; lastKnownFileType = sourcecode.swift; path = "TodoItem+Json.swift"; sourceTree = "<group>"; };
		799EC51E2A65D66D00FC1B60 /* TodoItemImportance.swift */ = {isa = PBXFileReference; fileEncoding = 4; lastKnownFileType = sourcecode.swift; path = TodoItemImportance.swift; sourceTree = "<group>"; };
		799EC51F2A65D66D00FC1B60 /* TodoData+CoreDataConversion.swift */ = {isa = PBXFileReference; fileEncoding = 4; lastKnownFileType = sourcecode.swift; path = "TodoData+CoreDataConversion.swift"; sourceTree = "<group>"; };
		799EC5272A68643700FC1B60 /* FileCache.swift */ = {isa = PBXFileReference; lastKnownFileType = sourcecode.swift; path = FileCache.swift; sourceTree = "<group>"; };
		799EC5292A6865F900FC1B60 /* TodoListItemData.swift */ = {isa = PBXFileReference; lastKnownFileType = sourcecode.swift; path = TodoListItemData.swift; sourceTree = "<group>"; };
		799EC52C2A68672D00FC1B60 /* TodoDetailsView.swift */ = {isa = PBXFileReference; lastKnownFileType = sourcecode.swift; path = TodoDetailsView.swift; sourceTree = "<group>"; };
		799EC52E2A6867BA00FC1B60 /* TodoListItem.swift */ = {isa = PBXFileReference; lastKnownFileType = sourcecode.swift; path = TodoListItem.swift; sourceTree = "<group>"; };
		799EC5332A686C7000FC1B60 /* AssetsValues.swift */ = {isa = PBXFileReference; lastKnownFileType = sourcecode.swift; path = AssetsValues.swift; sourceTree = "<group>"; };
		799EC5352A6B1A5800FC1B60 /* TodoCheckbox.swift */ = {isa = PBXFileReference; lastKnownFileType = sourcecode.swift; path = TodoCheckbox.swift; sourceTree = "<group>"; };
		799EC5382A6B2EE100FC1B60 /* Color+String.swift */ = {isa = PBXFileReference; lastKnownFileType = sourcecode.swift; path = "Color+String.swift"; sourceTree = "<group>"; };
		79A4F6B02A42033F003198F6 /* TodoDetailsViewController.swift */ = {isa = PBXFileReference; lastKnownFileType = sourcecode.swift; path = TodoDetailsViewController.swift; sourceTree = "<group>"; };
		79A4F6C12A42280C003198F6 /* UIExpandingTextView.swift */ = {isa = PBXFileReference; lastKnownFileType = sourcecode.swift; path = UIExpandingTextView.swift; sourceTree = "<group>"; };
		79A4F6C32A42F94F003198F6 /* AssetsAcessor.swift */ = {isa = PBXFileReference; lastKnownFileType = sourcecode.swift; path = AssetsAcessor.swift; sourceTree = "<group>"; };
		79A4F6C82A430E63003198F6 /* LayoutValues.swift */ = {isa = PBXFileReference; lastKnownFileType = sourcecode.swift; path = LayoutValues.swift; sourceTree = "<group>"; };
		79A4F6CC2A433315003198F6 /* VerticalStackLayoutView.swift */ = {isa = PBXFileReference; lastKnownFileType = sourcecode.swift; path = VerticalStackLayoutView.swift; sourceTree = "<group>"; };
		79A4F6D02A438776003198F6 /* UIViewController+HideKeyboard.swift */ = {isa = PBXFileReference; lastKnownFileType = sourcecode.swift; path = "UIViewController+HideKeyboard.swift"; sourceTree = "<group>"; };
		79A4F6D52A438F60003198F6 /* TodoDetailsStackView.swift */ = {isa = PBXFileReference; lastKnownFileType = sourcecode.swift; path = TodoDetailsStackView.swift; sourceTree = "<group>"; };
		79A4F6D72A438F71003198F6 /* TodoDetailsScrollView.swift */ = {isa = PBXFileReference; lastKnownFileType = sourcecode.swift; path = TodoDetailsScrollView.swift; sourceTree = "<group>"; };
		79A4F6D92A439AA8003198F6 /* TodoDetailsSegmentedControlWithLabel.swift */ = {isa = PBXFileReference; lastKnownFileType = sourcecode.swift; path = TodoDetailsSegmentedControlWithLabel.swift; sourceTree = "<group>"; };
		79A4F6DB2A439BC8003198F6 /* StyledSegmentedControl.swift */ = {isa = PBXFileReference; lastKnownFileType = sourcecode.swift; path = StyledSegmentedControl.swift; sourceTree = "<group>"; };
		79A4F6DD2A43B1CC003198F6 /* TodoDetailsCalendarSwitch.swift */ = {isa = PBXFileReference; lastKnownFileType = sourcecode.swift; path = TodoDetailsCalendarSwitch.swift; sourceTree = "<group>"; };
		79A4F6E52A44411F003198F6 /* TodoDetailsDeleteButton.swift */ = {isa = PBXFileReference; lastKnownFileType = sourcecode.swift; path = TodoDetailsDeleteButton.swift; sourceTree = "<group>"; };
		79A4F6E72A444B32003198F6 /* TodoDetailsNavigationView.swift */ = {isa = PBXFileReference; lastKnownFileType = sourcecode.swift; path = TodoDetailsNavigationView.swift; sourceTree = "<group>"; };
		79A4F6EC2A45A0E1003198F6 /* DeactivatedView.swift */ = {isa = PBXFileReference; lastKnownFileType = sourcecode.swift; path = DeactivatedView.swift; sourceTree = "<group>"; };
		79A4F6EE2A45B654003198F6 /* TodoDetailsTextInputView.swift */ = {isa = PBXFileReference; lastKnownFileType = sourcecode.swift; path = TodoDetailsTextInputView.swift; sourceTree = "<group>"; };
		79A4F6F22A45C218003198F6 /* TodoDetailsViewModel.swift */ = {isa = PBXFileReference; lastKnownFileType = sourcecode.swift; path = TodoDetailsViewModel.swift; sourceTree = "<group>"; };
		79A4F6F42A462B07003198F6 /* TodoDetailsSwitchingColorPicker.swift */ = {isa = PBXFileReference; lastKnownFileType = sourcecode.swift; path = TodoDetailsSwitchingColorPicker.swift; sourceTree = "<group>"; };
		79A4F6F72A464396003198F6 /* gradient.png */ = {isa = PBXFileReference; lastKnownFileType = image.png; path = gradient.png; sourceTree = "<group>"; };
		79A4F6F92A465489003198F6 /* UIView+colorOfPoint.swift */ = {isa = PBXFileReference; lastKnownFileType = sourcecode.swift; path = "UIView+colorOfPoint.swift"; sourceTree = "<group>"; };
		79A4F6FB2A465A7B003198F6 /* UIColor+String.swift */ = {isa = PBXFileReference; lastKnownFileType = sourcecode.swift; path = "UIColor+String.swift"; sourceTree = "<group>"; };
		79CB57CF2A372279006418BC /* TodoYandexApp.app */ = {isa = PBXFileReference; explicitFileType = wrapper.application; includeInIndex = 0; path = TodoYandexApp.app; sourceTree = BUILT_PRODUCTS_DIR; };
		79CB57D22A372279006418BC /* AppDelegate.swift */ = {isa = PBXFileReference; lastKnownFileType = sourcecode.swift; path = AppDelegate.swift; sourceTree = "<group>"; };
		79CB57D42A372279006418BC /* SceneDelegate.swift */ = {isa = PBXFileReference; lastKnownFileType = sourcecode.swift; path = SceneDelegate.swift; sourceTree = "<group>"; };
		79CB57D62A372279006418BC /* TodoListViewController.swift */ = {isa = PBXFileReference; lastKnownFileType = sourcecode.swift; path = TodoListViewController.swift; sourceTree = "<group>"; };
		79CB57DB2A37227A006418BC /* Assets.xcassets */ = {isa = PBXFileReference; lastKnownFileType = folder.assetcatalog; path = Assets.xcassets; sourceTree = "<group>"; };
		79CB57DE2A37227A006418BC /* Base */ = {isa = PBXFileReference; lastKnownFileType = file.storyboard; name = Base; path = Base.lproj/LaunchScreen.storyboard; sourceTree = "<group>"; };
		79CB57E02A37227A006418BC /* Info.plist */ = {isa = PBXFileReference; lastKnownFileType = text.plist.xml; path = Info.plist; sourceTree = "<group>"; };
		79CB58062A3722BC006418BC /* TodoItem.swift */ = {isa = PBXFileReference; lastKnownFileType = sourcecode.swift; path = TodoItem.swift; sourceTree = "<group>"; };
		79CB58092A3722C6006418BC /* TodoItemImportance.swift */ = {isa = PBXFileReference; lastKnownFileType = sourcecode.swift; path = TodoItemImportance.swift; sourceTree = "<group>"; };
		79CB58102A373A1C006418BC /* TodoItem+Json.swift */ = {isa = PBXFileReference; lastKnownFileType = sourcecode.swift; path = "TodoItem+Json.swift"; sourceTree = "<group>"; };
		79CB8EF32A387194001A07EA /* TodoYandexAppTests.xctest */ = {isa = PBXFileReference; explicitFileType = wrapper.cfbundle; includeInIndex = 0; path = TodoYandexAppTests.xctest; sourceTree = BUILT_PRODUCTS_DIR; };
		79CB8EF52A387194001A07EA /* TodoYandexAppTests.swift */ = {isa = PBXFileReference; lastKnownFileType = sourcecode.swift; path = TodoYandexAppTests.swift; sourceTree = "<group>"; };
		79CB8EFC2A3871B7001A07EA /* TodoItemTests.swift */ = {isa = PBXFileReference; lastKnownFileType = sourcecode.swift; path = TodoItemTests.swift; sourceTree = "<group>"; };
		79CB8F022A38C386001A07EA /* TodoYandexApp.xctestplan */ = {isa = PBXFileReference; lastKnownFileType = text; path = TodoYandexApp.xctestplan; sourceTree = "<group>"; };
		79D3D3CC2A5F59C500292DEA /* TodoCache.swift */ = {isa = PBXFileReference; lastKnownFileType = sourcecode.swift; path = TodoCache.swift; sourceTree = "<group>"; };
		79D3D3D12A5F606100292DEA /* README.md */ = {isa = PBXFileReference; lastKnownFileType = net.daringfireball.markdown; path = README.md; sourceTree = "<group>"; };
		79D3D3D42A5FE3DC00292DEA /* Model.xcdatamodel */ = {isa = PBXFileReference; lastKnownFileType = wrapper.xcdatamodel; path = Model.xcdatamodel; sourceTree = "<group>"; };
		79D3D3D62A5FECDA00292DEA /* CoreDataCache.swift */ = {isa = PBXFileReference; lastKnownFileType = sourcecode.swift; path = CoreDataCache.swift; sourceTree = "<group>"; };
		79D3D3DC2A6066F000292DEA /* TodoData+CoreDataConversion.swift */ = {isa = PBXFileReference; lastKnownFileType = sourcecode.swift; path = "TodoData+CoreDataConversion.swift"; sourceTree = "<group>"; };
		79D3D3DE2A608B4E00292DEA /* FileCache+TodoCache.swift */ = {isa = PBXFileReference; lastKnownFileType = sourcecode.swift; path = "FileCache+TodoCache.swift"; sourceTree = "<group>"; };
		79D3D3E12A609B4900292DEA /* TodoCacheBuilder.swift */ = {isa = PBXFileReference; lastKnownFileType = sourcecode.swift; path = TodoCacheBuilder.swift; sourceTree = "<group>"; };
		79D3D3E32A61F22800292DEA /* SQLiteCache.swift */ = {isa = PBXFileReference; lastKnownFileType = sourcecode.swift; path = SQLiteCache.swift; sourceTree = "<group>"; };
		9EF0E8A79A64917EB5F1A062 /* Pods-TodoYandexApp.debug.xcconfig */ = {isa = PBXFileReference; includeInIndex = 1; lastKnownFileType = text.xcconfig; name = "Pods-TodoYandexApp.debug.xcconfig"; path = "Target Support Files/Pods-TodoYandexApp/Pods-TodoYandexApp.debug.xcconfig"; sourceTree = "<group>"; };
		DE85028B46C5AD80C2C44B9E /* Pods-TodoYandexApp.release.xcconfig */ = {isa = PBXFileReference; includeInIndex = 1; lastKnownFileType = text.xcconfig; name = "Pods-TodoYandexApp.release.xcconfig"; path = "Target Support Files/Pods-TodoYandexApp/Pods-TodoYandexApp.release.xcconfig"; sourceTree = "<group>"; };
/* End PBXFileReference section */

/* Begin PBXFrameworksBuildPhase section */
		79845EBF2A65CFDC003EA9AC /* Frameworks */ = {
			isa = PBXFrameworksBuildPhase;
			buildActionMask = 2147483647;
			files = (
			);
			runOnlyForDeploymentPostprocessing = 0;
		};
		79CB57CC2A372279006418BC /* Frameworks */ = {
			isa = PBXFrameworksBuildPhase;
			buildActionMask = 2147483647;
			files = (
				79D3D3E72A61F44300292DEA /* SQLite in Frameworks */,
				798930EA2A588D810064BDC5 /* FileCachePackage in Frameworks */,
				7974D1832A4F3FA90040B370 /* CocoaLumberjackSwift in Frameworks */,
				7974D1852A4F3FA90040B370 /* CocoaLumberjackSwiftLogBackend in Frameworks */,
				7974D1812A4F3FA90040B370 /* CocoaLumberjack in Frameworks */,
			);
			runOnlyForDeploymentPostprocessing = 0;
		};
		79CB8EF02A387194001A07EA /* Frameworks */ = {
			isa = PBXFrameworksBuildPhase;
			buildActionMask = 2147483647;
			files = (
			);
			runOnlyForDeploymentPostprocessing = 0;
		};
/* End PBXFrameworksBuildPhase section */

/* Begin PBXGroup section */
		4ADFA0B03585B5536E8E0983 /* Pods */ = {
			isa = PBXGroup;
			children = (
				9EF0E8A79A64917EB5F1A062 /* Pods-TodoYandexApp.debug.xcconfig */,
				DE85028B46C5AD80C2C44B9E /* Pods-TodoYandexApp.release.xcconfig */,
				29AA23367B66264B4C8CFB3F /* Pods-TodoYandexApp-TodoYandexAppTests.debug.xcconfig */,
				19F4E82F8590DACDDA1B948A /* Pods-TodoYandexApp-TodoYandexAppTests.release.xcconfig */,
			);
			path = Pods;
			sourceTree = "<group>";
		};
		79098AFA2A56D11A00E914EA /* Services */ = {
			isa = PBXGroup;
			children = (
				79D3D3CA2A5F594A00292DEA /* Persistence */,
				79098B012A5701D300E914EA /* Dto */,
			);
			path = Services;
			sourceTree = "<group>";
		};
		79098B012A5701D300E914EA /* Dto */ = {
			isa = PBXGroup;
			children = (
				79098AFF2A56FF0400E914EA /* TodoItemDto.swift */,
				79098B022A57037900E914EA /* ItemsListDto.swift */,
				798930E42A5805DB0064BDC5 /* SingleItemDto.swift */,
			);
			path = Dto;
			sourceTree = "<group>";
		};
		7974D16F2A48EC060040B370 /* TodoListViewControllerViews */ = {
			isa = PBXGroup;
			children = (
				7974D1702A48EDA60040B370 /* TodoListAddButton.swift */,
				7974D1722A4988C20040B370 /* TodoListBriefingView.swift */,
				7974D1742A49C4010040B370 /* TodoListTableView.swift */,
				7974D1762A49F46C0040B370 /* TodoListCell.swift */,
			);
			path = TodoListViewControllerViews;
			sourceTree = "<group>";
		};
		7974D17A2A4ED85B0040B370 /* TodoListViewController */ = {
			isa = PBXGroup;
			children = (
				79CB57D62A372279006418BC /* TodoListViewController.swift */,
				7974D17B2A4ED8900040B370 /* TodoListViewController+TableView.swift */,
				7974D17D2A4ED8B50040B370 /* TodoListViewController+Callbacks.swift */,
			);
			path = TodoListViewController;
			sourceTree = "<group>";
		};
		79845EC32A65CFDC003EA9AC /* TodoYandexAppModern */ = {
			isa = PBXGroup;
			children = (
				799EC5372A6B2ECE00FC1B60 /* Extensions */,
				799EC5302A686C2A00FC1B60 /* Values */,
				79845ED22A65D0A8003EA9AC /* ViewModels */,
				79845ED12A65D09B003EA9AC /* Views */,
				79845ED02A65D08C003EA9AC /* Models */,
				79845EC42A65CFDC003EA9AC /* TodoYandexAppModernApp.swift */,
				79845EC62A65CFDC003EA9AC /* ContentView.swift */,
				79845EC82A65CFDD003EA9AC /* Assets.xcassets */,
				79845ECA2A65CFDD003EA9AC /* Preview Content */,
			);
			path = TodoYandexAppModern;
			sourceTree = "<group>";
		};
		79845ECA2A65CFDD003EA9AC /* Preview Content */ = {
			isa = PBXGroup;
			children = (
				79845ECB2A65CFDD003EA9AC /* Preview Assets.xcassets */,
			);
			path = "Preview Content";
			sourceTree = "<group>";
		};
		79845ED02A65D08C003EA9AC /* Models */ = {
			isa = PBXGroup;
			children = (
				799EC5252A68641B00FC1B60 /* Services */,
				799EC5192A65D66D00FC1B60 /* Enteties */,
			);
			path = Models;
			sourceTree = "<group>";
		};
		79845ED12A65D09B003EA9AC /* Views */ = {
			isa = PBXGroup;
			children = (
				799EC52B2A68671400FC1B60 /* TodoDetails */,
				79845ED32A65D131003EA9AC /* TodoList */,
				79845ED82A65D24E003EA9AC /* NavigationView.swift */,
			);
			path = Views;
			sourceTree = "<group>";
		};
		79845ED22A65D0A8003EA9AC /* ViewModels */ = {
			isa = PBXGroup;
			children = (
			);
			path = ViewModels;
			sourceTree = "<group>";
		};
		79845ED32A65D131003EA9AC /* TodoList */ = {
			isa = PBXGroup;
			children = (
				79845ED62A65D19D003EA9AC /* TodoListView.swift */,
				799EC52E2A6867BA00FC1B60 /* TodoListItem.swift */,
				799EC5352A6B1A5800FC1B60 /* TodoCheckbox.swift */,
			);
			path = TodoList;
			sourceTree = "<group>";
		};
		799EC5192A65D66D00FC1B60 /* Enteties */ = {
			isa = PBXGroup;
			children = (
				799EC51A2A65D66D00FC1B60 /* TodoItem */,
				799EC5292A6865F900FC1B60 /* TodoListItemData.swift */,
			);
			name = Enteties;
			path = TodoYandexApp/Models/Enteties;
			sourceTree = SOURCE_ROOT;
		};
		799EC51A2A65D66D00FC1B60 /* TodoItem */ = {
			isa = PBXGroup;
			children = (
				799EC51B2A65D66D00FC1B60 /* TodoItem.swift */,
				799EC51C2A65D66D00FC1B60 /* TodoItem+CSV.swift */,
				799EC51D2A65D66D00FC1B60 /* TodoItem+Json.swift */,
				799EC51E2A65D66D00FC1B60 /* TodoItemImportance.swift */,
				799EC51F2A65D66D00FC1B60 /* TodoData+CoreDataConversion.swift */,
			);
			path = TodoItem;
			sourceTree = "<group>";
		};
		799EC5252A68641B00FC1B60 /* Services */ = {
			isa = PBXGroup;
			children = (
				799EC5272A68643700FC1B60 /* FileCache.swift */,
			);
			path = Services;
			sourceTree = "<group>";
		};
		799EC52B2A68671400FC1B60 /* TodoDetails */ = {
			isa = PBXGroup;
			children = (
				799EC52C2A68672D00FC1B60 /* TodoDetailsView.swift */,
			);
			path = TodoDetails;
			sourceTree = "<group>";
		};
		799EC5302A686C2A00FC1B60 /* Values */ = {
			isa = PBXGroup;
			children = (
				799EC5332A686C7000FC1B60 /* AssetsValues.swift */,
			);
			path = Values;
			sourceTree = "<group>";
		};
		799EC5372A6B2ECE00FC1B60 /* Extensions */ = {
			isa = PBXGroup;
			children = (
				799EC5382A6B2EE100FC1B60 /* Color+String.swift */,
			);
			path = Extensions;
			sourceTree = "<group>";
		};
		79A4F6AF2A420221003198F6 /* Controllers */ = {
			isa = PBXGroup;
			children = (
				7974D17A2A4ED85B0040B370 /* TodoListViewController */,
				79A4F6B02A42033F003198F6 /* TodoDetailsViewController.swift */,
				7974D16D2A48EA610040B370 /* TodoNavigationController.swift */,
			);
			path = Controllers;
			sourceTree = "<group>";
		};
		79A4F6C02A422743003198F6 /* UIComponents */ = {
			isa = PBXGroup;
			children = (
				79A4F6C12A42280C003198F6 /* UIExpandingTextView.swift */,
				79A4F6CC2A433315003198F6 /* VerticalStackLayoutView.swift */,
				79A4F6DB2A439BC8003198F6 /* StyledSegmentedControl.swift */,
				7974D1782A4B93940040B370 /* CircleCheckboxView.swift */,
			);
			path = UIComponents;
			sourceTree = "<group>";
		};
		79A4F6C72A430E14003198F6 /* Values */ = {
			isa = PBXGroup;
			children = (
				79A4F6C32A42F94F003198F6 /* AssetsAcessor.swift */,
				79A4F6C82A430E63003198F6 /* LayoutValues.swift */,
				7974D16B2A48E74B0040B370 /* ModelValues.swift */,
				79098AF32A55966E00E914EA /* ServerValues.swift */,
			);
			path = Values;
			sourceTree = "<group>";
		};
		79A4F6D32A438A7F003198F6 /* Views */ = {
			isa = PBXGroup;
			children = (
				79A4F6EB2A459FBE003198F6 /* Protocols */,
				7974D16F2A48EC060040B370 /* TodoListViewControllerViews */,
				79A4F6D42A438A90003198F6 /* TodoDetailsViewControllerViews */,
			);
			path = Views;
			sourceTree = "<group>";
		};
		79A4F6D42A438A90003198F6 /* TodoDetailsViewControllerViews */ = {
			isa = PBXGroup;
			children = (
				79A4F6D52A438F60003198F6 /* TodoDetailsStackView.swift */,
				79A4F6D72A438F71003198F6 /* TodoDetailsScrollView.swift */,
				79A4F6D92A439AA8003198F6 /* TodoDetailsSegmentedControlWithLabel.swift */,
				79A4F6DD2A43B1CC003198F6 /* TodoDetailsCalendarSwitch.swift */,
				79A4F6E52A44411F003198F6 /* TodoDetailsDeleteButton.swift */,
				79A4F6E72A444B32003198F6 /* TodoDetailsNavigationView.swift */,
				79A4F6EE2A45B654003198F6 /* TodoDetailsTextInputView.swift */,
				79A4F6F42A462B07003198F6 /* TodoDetailsSwitchingColorPicker.swift */,
			);
			path = TodoDetailsViewControllerViews;
			sourceTree = "<group>";
		};
		79A4F6EB2A459FBE003198F6 /* Protocols */ = {
			isa = PBXGroup;
			children = (
				79A4F6EC2A45A0E1003198F6 /* DeactivatedView.swift */,
			);
			path = Protocols;
			sourceTree = "<group>";
		};
		79A4F6F12A45C201003198F6 /* ViewModels */ = {
			isa = PBXGroup;
			children = (
				79A4F6F22A45C218003198F6 /* TodoDetailsViewModel.swift */,
			);
			path = ViewModels;
			sourceTree = "<group>";
		};
		79A4F6F62A46437A003198F6 /* Resources */ = {
			isa = PBXGroup;
			children = (
				79CB57DB2A37227A006418BC /* Assets.xcassets */,
				79A4F6F72A464396003198F6 /* gradient.png */,
				79D3D3D32A5FE3DC00292DEA /* Model.xcdatamodeld */,
			);
			path = Resources;
			sourceTree = "<group>";
		};
		79B148232A4F7AA4007541C3 /* Packages */ = {
			isa = PBXGroup;
			children = (
				798930E82A588D720064BDC5 /* FileCachePackage */,
			);
			name = Packages;
			sourceTree = "<group>";
		};
		79B148262A4F7BD3007541C3 /* Frameworks */ = {
			isa = PBXGroup;
			children = (
			);
			name = Frameworks;
			sourceTree = "<group>";
		};
		79CB57C62A372279006418BC = {
			isa = PBXGroup;
			children = (
				79D3D3D12A5F606100292DEA /* README.md */,
				79B148232A4F7AA4007541C3 /* Packages */,
				7974D1862A4F63540040B370 /* Podfile */,
				79CB8F022A38C386001A07EA /* TodoYandexApp.xctestplan */,
				79CB57D12A372279006418BC /* TodoYandexApp */,
				79CB8EF42A387194001A07EA /* TodoYandexAppTests */,
				79845EC32A65CFDC003EA9AC /* TodoYandexAppModern */,
				79CB57D02A372279006418BC /* Products */,
				4ADFA0B03585B5536E8E0983 /* Pods */,
				79B148262A4F7BD3007541C3 /* Frameworks */,
			);
			sourceTree = "<group>";
		};
		79CB57D02A372279006418BC /* Products */ = {
			isa = PBXGroup;
			children = (
				79CB57CF2A372279006418BC /* TodoYandexApp.app */,
				79CB8EF32A387194001A07EA /* TodoYandexAppTests.xctest */,
				79845EC22A65CFDC003EA9AC /* TodoYandexAppModern.app */,
			);
			name = Products;
			sourceTree = "<group>";
		};
		79CB57D12A372279006418BC /* TodoYandexApp */ = {
			isa = PBXGroup;
			children = (
				79A4F6F62A46437A003198F6 /* Resources */,
				79A4F6D32A438A7F003198F6 /* Views */,
				79A4F6C72A430E14003198F6 /* Values */,
				79A4F6C02A422743003198F6 /* UIComponents */,
				79A4F6AF2A420221003198F6 /* Controllers */,
				79CB58132A3748B8006418BC /* Extensions */,
				79CB58022A372292006418BC /* Models */,
				79CB57D22A372279006418BC /* AppDelegate.swift */,
				79CB57D42A372279006418BC /* SceneDelegate.swift */,
				79CB57DD2A37227A006418BC /* LaunchScreen.storyboard */,
				79CB57E02A37227A006418BC /* Info.plist */,
			);
			path = TodoYandexApp;
			sourceTree = "<group>";
		};
		79CB58022A372292006418BC /* Models */ = {
			isa = PBXGroup;
			children = (
				79098AFA2A56D11A00E914EA /* Services */,
				79A4F6F12A45C201003198F6 /* ViewModels */,
				79CB58032A372298006418BC /* Enteties */,
			);
			path = Models;
			sourceTree = "<group>";
		};
		79CB58032A372298006418BC /* Enteties */ = {
			isa = PBXGroup;
			children = (
				79CB580F2A3739E7006418BC /* TodoItem */,
			);
			path = Enteties;
			sourceTree = "<group>";
		};
		79CB580F2A3739E7006418BC /* TodoItem */ = {
			isa = PBXGroup;
			children = (
				79CB58062A3722BC006418BC /* TodoItem.swift */,
				79CB58102A373A1C006418BC /* TodoItem+Json.swift */,
				793DDA7C2A3B312900EF2754 /* TodoItem+CSV.swift */,
				79CB58092A3722C6006418BC /* TodoItemImportance.swift */,
				79D3D3DC2A6066F000292DEA /* TodoData+CoreDataConversion.swift */,
			);
			path = TodoItem;
			sourceTree = "<group>";
		};
		79CB58132A3748B8006418BC /* Extensions */ = {
			isa = PBXGroup;
			children = (
				79A4F6D02A438776003198F6 /* UIViewController+HideKeyboard.swift */,
				79A4F6F92A465489003198F6 /* UIView+colorOfPoint.swift */,
				79A4F6FB2A465A7B003198F6 /* UIColor+String.swift */,
				79098AF82A55DED500E914EA /* URLSession+dataTask.swift */,
				79D3D3DE2A608B4E00292DEA /* FileCache+TodoCache.swift */,
			);
			path = Extensions;
			sourceTree = "<group>";
		};
		79CB8EF42A387194001A07EA /* TodoYandexAppTests */ = {
			isa = PBXGroup;
			children = (
				79CB8EF52A387194001A07EA /* TodoYandexAppTests.swift */,
				79CB8EFC2A3871B7001A07EA /* TodoItemTests.swift */,
				793DDA832A3BD35700EF2754 /* FileCacheTests.swift */,
			);
			path = TodoYandexAppTests;
			sourceTree = "<group>";
		};
		79D3D3CA2A5F594A00292DEA /* Persistence */ = {
			isa = PBXGroup;
			children = (
				79D3D3CE2A5F5C4400292DEA /* LocalCache */,
				79D3D3CB2A5F598300292DEA /* ServerCache */,
				79D3D3CC2A5F59C500292DEA /* TodoCache.swift */,
				79D3D3E12A609B4900292DEA /* TodoCacheBuilder.swift */,
			);
			path = Persistence;
			sourceTree = "<group>";
		};
		79D3D3CB2A5F598300292DEA /* ServerCache */ = {
			isa = PBXGroup;
			children = (
				79098AFB2A56D18900E914EA /* ApiAccessor.swift */,
				79098AFD2A56D1E300E914EA /* DefaultApiAccessor.swift */,
				798930E62A5873810064BDC5 /* ServerModelSynchronizer.swift */,
			);
			path = ServerCache;
			sourceTree = "<group>";
		};
		79D3D3CE2A5F5C4400292DEA /* LocalCache */ = {
			isa = PBXGroup;
			children = (
				79D3D3D62A5FECDA00292DEA /* CoreDataCache.swift */,
				79D3D3E32A61F22800292DEA /* SQLiteCache.swift */,
			);
			path = LocalCache;
			sourceTree = "<group>";
		};
/* End PBXGroup section */

/* Begin PBXNativeTarget section */
		79845EC12A65CFDC003EA9AC /* TodoYandexAppModern */ = {
			isa = PBXNativeTarget;
			buildConfigurationList = 79845ECD2A65CFDD003EA9AC /* Build configuration list for PBXNativeTarget "TodoYandexAppModern" */;
			buildPhases = (
				79845EBE2A65CFDC003EA9AC /* Sources */,
				79845EBF2A65CFDC003EA9AC /* Frameworks */,
				79845EC02A65CFDC003EA9AC /* Resources */,
			);
			buildRules = (
			);
			dependencies = (
			);
			name = TodoYandexAppModern;
			productName = TodoYandexAppModern;
			productReference = 79845EC22A65CFDC003EA9AC /* TodoYandexAppModern.app */;
			productType = "com.apple.product-type.application";
		};
		79CB57CE2A372279006418BC /* TodoYandexApp */ = {
			isa = PBXNativeTarget;
			buildConfigurationList = 79CB57F92A37227A006418BC /* Build configuration list for PBXNativeTarget "TodoYandexApp" */;
			buildPhases = (
				6A85D197046D7D5506E76B73 /* [CP] Check Pods Manifest.lock */,
				79CB57CB2A372279006418BC /* Sources */,
				79CB57CC2A372279006418BC /* Frameworks */,
				79CB57CD2A372279006418BC /* Resources */,
			);
			buildRules = (
			);
			dependencies = (
			);
			name = TodoYandexApp;
			packageProductDependencies = (
				7974D1802A4F3FA90040B370 /* CocoaLumberjack */,
				7974D1822A4F3FA90040B370 /* CocoaLumberjackSwift */,
				7974D1842A4F3FA90040B370 /* CocoaLumberjackSwiftLogBackend */,
				798930E92A588D810064BDC5 /* FileCachePackage */,
				79D3D3E62A61F44300292DEA /* SQLite */,
			);
			productName = TodoYandexApp;
			productReference = 79CB57CF2A372279006418BC /* TodoYandexApp.app */;
			productType = "com.apple.product-type.application";
		};
		79CB8EF22A387194001A07EA /* TodoYandexAppTests */ = {
			isa = PBXNativeTarget;
			buildConfigurationList = 79CB8EFB2A387194001A07EA /* Build configuration list for PBXNativeTarget "TodoYandexAppTests" */;
			buildPhases = (
				3605989FE4DD774366637DF9 /* [CP] Check Pods Manifest.lock */,
				79CB8EEF2A387194001A07EA /* Sources */,
				79CB8EF02A387194001A07EA /* Frameworks */,
				79CB8EF12A387194001A07EA /* Resources */,
			);
			buildRules = (
			);
			dependencies = (
				79CB8EF82A387194001A07EA /* PBXTargetDependency */,
			);
			name = TodoYandexAppTests;
			productName = TodoYandexAppTests;
			productReference = 79CB8EF32A387194001A07EA /* TodoYandexAppTests.xctest */;
			productType = "com.apple.product-type.bundle.unit-test";
		};
/* End PBXNativeTarget section */

/* Begin PBXProject section */
		79CB57C72A372279006418BC /* Project object */ = {
			isa = PBXProject;
			attributes = {
				BuildIndependentTargetsInParallel = 1;
				LastSwiftUpdateCheck = 1430;
				LastUpgradeCheck = 1430;
				TargetAttributes = {
					79845EC12A65CFDC003EA9AC = {
						CreatedOnToolsVersion = 14.3;
					};
					79CB57CE2A372279006418BC = {
						CreatedOnToolsVersion = 14.3;
					};
					79CB8EF22A387194001A07EA = {
						CreatedOnToolsVersion = 14.3;
						TestTargetID = 79CB57CE2A372279006418BC;
					};
				};
			};
			buildConfigurationList = 79CB57CA2A372279006418BC /* Build configuration list for PBXProject "TodoYandexApp" */;
			compatibilityVersion = "Xcode 14.0";
			developmentRegion = en;
			hasScannedForEncodings = 0;
			knownRegions = (
				en,
				Base,
			);
			mainGroup = 79CB57C62A372279006418BC;
			packageReferences = (
				7974D17F2A4F3FA90040B370 /* XCRemoteSwiftPackageReference "CocoaLumberjack" */,
				79D3D3E52A61F44300292DEA /* XCRemoteSwiftPackageReference "SQLite.swift" */,
			);
			productRefGroup = 79CB57D02A372279006418BC /* Products */;
			projectDirPath = "";
			projectRoot = "";
			targets = (
				79CB57CE2A372279006418BC /* TodoYandexApp */,
				79CB8EF22A387194001A07EA /* TodoYandexAppTests */,
				79845EC12A65CFDC003EA9AC /* TodoYandexAppModern */,
			);
		};
/* End PBXProject section */

/* Begin PBXResourcesBuildPhase section */
		79845EC02A65CFDC003EA9AC /* Resources */ = {
			isa = PBXResourcesBuildPhase;
			buildActionMask = 2147483647;
			files = (
				79845ECC2A65CFDD003EA9AC /* Preview Assets.xcassets in Resources */,
				79845EC92A65CFDD003EA9AC /* Assets.xcassets in Resources */,
			);
			runOnlyForDeploymentPostprocessing = 0;
		};
		79CB57CD2A372279006418BC /* Resources */ = {
			isa = PBXResourcesBuildPhase;
			buildActionMask = 2147483647;
			files = (
				79CB57DF2A37227A006418BC /* LaunchScreen.storyboard in Resources */,
				79A4F6F82A464396003198F6 /* gradient.png in Resources */,
				7974D1872A4F63550040B370 /* Podfile in Resources */,
				79CB57DC2A37227A006418BC /* Assets.xcassets in Resources */,
			);
			runOnlyForDeploymentPostprocessing = 0;
		};
		79CB8EF12A387194001A07EA /* Resources */ = {
			isa = PBXResourcesBuildPhase;
			buildActionMask = 2147483647;
			files = (
			);
			runOnlyForDeploymentPostprocessing = 0;
		};
/* End PBXResourcesBuildPhase section */

/* Begin PBXShellScriptBuildPhase section */
		3605989FE4DD774366637DF9 /* [CP] Check Pods Manifest.lock */ = {
			isa = PBXShellScriptBuildPhase;
			buildActionMask = 2147483647;
			files = (
			);
			inputFileListPaths = (
			);
			inputPaths = (
				"${PODS_PODFILE_DIR_PATH}/Podfile.lock",
				"${PODS_ROOT}/Manifest.lock",
			);
			name = "[CP] Check Pods Manifest.lock";
			outputFileListPaths = (
			);
			outputPaths = (
				"$(DERIVED_FILE_DIR)/Pods-TodoYandexApp-TodoYandexAppTests-checkManifestLockResult.txt",
			);
			runOnlyForDeploymentPostprocessing = 0;
			shellPath = /bin/sh;
			shellScript = "diff \"${PODS_PODFILE_DIR_PATH}/Podfile.lock\" \"${PODS_ROOT}/Manifest.lock\" > /dev/null\nif [ $? != 0 ] ; then\n    # print error to STDERR\n    echo \"error: The sandbox is not in sync with the Podfile.lock. Run 'pod install' or update your CocoaPods installation.\" >&2\n    exit 1\nfi\n# This output is used by Xcode 'outputs' to avoid re-running this script phase.\necho \"SUCCESS\" > \"${SCRIPT_OUTPUT_FILE_0}\"\n";
			showEnvVarsInLog = 0;
		};
		6A85D197046D7D5506E76B73 /* [CP] Check Pods Manifest.lock */ = {
			isa = PBXShellScriptBuildPhase;
			buildActionMask = 2147483647;
			files = (
			);
			inputFileListPaths = (
			);
			inputPaths = (
				"${PODS_PODFILE_DIR_PATH}/Podfile.lock",
				"${PODS_ROOT}/Manifest.lock",
			);
			name = "[CP] Check Pods Manifest.lock";
			outputFileListPaths = (
			);
			outputPaths = (
				"$(DERIVED_FILE_DIR)/Pods-TodoYandexApp-checkManifestLockResult.txt",
			);
			runOnlyForDeploymentPostprocessing = 0;
			shellPath = /bin/sh;
			shellScript = "diff \"${PODS_PODFILE_DIR_PATH}/Podfile.lock\" \"${PODS_ROOT}/Manifest.lock\" > /dev/null\nif [ $? != 0 ] ; then\n    # print error to STDERR\n    echo \"error: The sandbox is not in sync with the Podfile.lock. Run 'pod install' or update your CocoaPods installation.\" >&2\n    exit 1\nfi\n# This output is used by Xcode 'outputs' to avoid re-running this script phase.\necho \"SUCCESS\" > \"${SCRIPT_OUTPUT_FILE_0}\"\n";
			showEnvVarsInLog = 0;
		};
/* End PBXShellScriptBuildPhase section */

/* Begin PBXSourcesBuildPhase section */
		79845EBE2A65CFDC003EA9AC /* Sources */ = {
			isa = PBXSourcesBuildPhase;
			buildActionMask = 2147483647;
			files = (
				799EC52F2A6867BA00FC1B60 /* TodoListItem.swift in Sources */,
				799EC5222A65D66D00FC1B60 /* TodoItem+Json.swift in Sources */,
				799EC5282A68643700FC1B60 /* FileCache.swift in Sources */,
				799EC5202A65D66D00FC1B60 /* TodoItem.swift in Sources */,
				79845EC72A65CFDC003EA9AC /* ContentView.swift in Sources */,
				799EC5342A686C7000FC1B60 /* AssetsValues.swift in Sources */,
				799EC5242A65D66D00FC1B60 /* TodoData+CoreDataConversion.swift in Sources */,
				799EC52D2A68672D00FC1B60 /* TodoDetailsView.swift in Sources */,
				79845EC52A65CFDC003EA9AC /* TodoYandexAppModernApp.swift in Sources */,
				79845ED92A65D24E003EA9AC /* NavigationView.swift in Sources */,
				799EC5362A6B1A5800FC1B60 /* TodoCheckbox.swift in Sources */,
				79845ED72A65D19D003EA9AC /* TodoListView.swift in Sources */,
				799EC5232A65D66D00FC1B60 /* TodoItemImportance.swift in Sources */,
				799EC5212A65D66D00FC1B60 /* TodoItem+CSV.swift in Sources */,
				799EC5392A6B2EE100FC1B60 /* Color+String.swift in Sources */,
				799EC52A2A6865F900FC1B60 /* TodoListItemData.swift in Sources */,
			);
			runOnlyForDeploymentPostprocessing = 0;
		};
		79CB57CB2A372279006418BC /* Sources */ = {
			isa = PBXSourcesBuildPhase;
			buildActionMask = 2147483647;
			files = (
				79A4F6D82A438F71003198F6 /* TodoDetailsScrollView.swift in Sources */,
				79D3D3D52A5FE3DC00292DEA /* Model.xcdatamodeld in Sources */,
				79A4F6B12A42033F003198F6 /* TodoDetailsViewController.swift in Sources */,
				7974D1732A4988C20040B370 /* TodoListBriefingView.swift in Sources */,
				79A4F6FA2A465489003198F6 /* UIView+colorOfPoint.swift in Sources */,
				79CB57D72A372279006418BC /* TodoListViewController.swift in Sources */,
				79A4F6CD2A433315003198F6 /* VerticalStackLayoutView.swift in Sources */,
				79A4F6DC2A439BC8003198F6 /* StyledSegmentedControl.swift in Sources */,
				79A4F6ED2A45A0E1003198F6 /* DeactivatedView.swift in Sources */,
				79098AF42A55966E00E914EA /* ServerValues.swift in Sources */,
				79A4F6DA2A439AA8003198F6 /* TodoDetailsSegmentedControlWithLabel.swift in Sources */,
				79A4F6FC2A465A7B003198F6 /* UIColor+String.swift in Sources */,
				7974D1712A48EDA60040B370 /* TodoListAddButton.swift in Sources */,
				7974D1772A49F46C0040B370 /* TodoListCell.swift in Sources */,
				79A4F6EF2A45B654003198F6 /* TodoDetailsTextInputView.swift in Sources */,
				793DDA7D2A3B312900EF2754 /* TodoItem+CSV.swift in Sources */,
				79D3D3DD2A6066F000292DEA /* TodoData+CoreDataConversion.swift in Sources */,
				7974D17E2A4ED8B50040B370 /* TodoListViewController+Callbacks.swift in Sources */,
				79A4F6F52A462B07003198F6 /* TodoDetailsSwitchingColorPicker.swift in Sources */,
				79098B032A57037900E914EA /* ItemsListDto.swift in Sources */,
				79CB57D32A372279006418BC /* AppDelegate.swift in Sources */,
				79A4F6D62A438F60003198F6 /* TodoDetailsStackView.swift in Sources */,
				79CB58072A3722BC006418BC /* TodoItem.swift in Sources */,
				79CB58112A373A1C006418BC /* TodoItem+Json.swift in Sources */,
				79CB580A2A3722C6006418BC /* TodoItemImportance.swift in Sources */,
				79A4F6D12A438776003198F6 /* UIViewController+HideKeyboard.swift in Sources */,
				79A4F6C22A42280C003198F6 /* UIExpandingTextView.swift in Sources */,
				79098B002A56FF0400E914EA /* TodoItemDto.swift in Sources */,
				798930E72A5873810064BDC5 /* ServerModelSynchronizer.swift in Sources */,
				79D3D3DF2A608B4E00292DEA /* FileCache+TodoCache.swift in Sources */,
				79A4F6C42A42F94F003198F6 /* AssetsAcessor.swift in Sources */,
				7974D1752A49C4010040B370 /* TodoListTableView.swift in Sources */,
				79CB57D52A372279006418BC /* SceneDelegate.swift in Sources */,
				79A4F6C92A430E63003198F6 /* LayoutValues.swift in Sources */,
				7974D17C2A4ED8900040B370 /* TodoListViewController+TableView.swift in Sources */,
				79D3D3E22A609B4900292DEA /* TodoCacheBuilder.swift in Sources */,
				7974D16E2A48EA610040B370 /* TodoNavigationController.swift in Sources */,
				79A4F6DE2A43B1CC003198F6 /* TodoDetailsCalendarSwitch.swift in Sources */,
				79D3D3E42A61F22800292DEA /* SQLiteCache.swift in Sources */,
				798930E52A5805DB0064BDC5 /* SingleItemDto.swift in Sources */,
				79A4F6E82A444B32003198F6 /* TodoDetailsNavigationView.swift in Sources */,
				79098AF92A55DED500E914EA /* URLSession+dataTask.swift in Sources */,
				79098AFE2A56D1E300E914EA /* DefaultApiAccessor.swift in Sources */,
				7974D16C2A48E74B0040B370 /* ModelValues.swift in Sources */,
				79D3D3D72A5FECDA00292DEA /* CoreDataCache.swift in Sources */,
				79A4F6E62A44411F003198F6 /* TodoDetailsDeleteButton.swift in Sources */,
				79D3D3CD2A5F59C500292DEA /* TodoCache.swift in Sources */,
				79A4F6F32A45C218003198F6 /* TodoDetailsViewModel.swift in Sources */,
				7974D1792A4B93940040B370 /* CircleCheckboxView.swift in Sources */,
				79098AFC2A56D18900E914EA /* ApiAccessor.swift in Sources */,
			);
			runOnlyForDeploymentPostprocessing = 0;
		};
		79CB8EEF2A387194001A07EA /* Sources */ = {
			isa = PBXSourcesBuildPhase;
			buildActionMask = 2147483647;
			files = (
				79CB8F002A3871DE001A07EA /* TodoItem+Json.swift in Sources */,
				793DDA7F2A3B66FE00EF2754 /* TodoItem+CSV.swift in Sources */,
				79CB8EFD2A3871B7001A07EA /* TodoItemTests.swift in Sources */,
				79CB8F012A3871DE001A07EA /* TodoItemImportance.swift in Sources */,
				79CB8EFE2A3871DE001A07EA /* TodoItem.swift in Sources */,
				793DDA842A3BD35700EF2754 /* FileCacheTests.swift in Sources */,
				79CB8EF62A387194001A07EA /* TodoYandexAppTests.swift in Sources */,
			);
			runOnlyForDeploymentPostprocessing = 0;
		};
/* End PBXSourcesBuildPhase section */

/* Begin PBXTargetDependency section */
		79CB8EF82A387194001A07EA /* PBXTargetDependency */ = {
			isa = PBXTargetDependency;
			target = 79CB57CE2A372279006418BC /* TodoYandexApp */;
			targetProxy = 79CB8EF72A387194001A07EA /* PBXContainerItemProxy */;
		};
/* End PBXTargetDependency section */

/* Begin PBXVariantGroup section */
		79CB57DD2A37227A006418BC /* LaunchScreen.storyboard */ = {
			isa = PBXVariantGroup;
			children = (
				79CB57DE2A37227A006418BC /* Base */,
			);
			name = LaunchScreen.storyboard;
			sourceTree = "<group>";
		};
/* End PBXVariantGroup section */

/* Begin XCBuildConfiguration section */
		79845ECE2A65CFDD003EA9AC /* Debug */ = {
			isa = XCBuildConfiguration;
			buildSettings = {
				ASSETCATALOG_COMPILER_APPICON_NAME = AppIcon;
				ASSETCATALOG_COMPILER_GLOBAL_ACCENT_COLOR_NAME = AccentColor;
				CODE_SIGN_STYLE = Automatic;
				CURRENT_PROJECT_VERSION = 1;
				DEVELOPMENT_ASSET_PATHS = "\"TodoYandexAppModern/Preview Content\"";
				ENABLE_PREVIEWS = YES;
				GENERATE_INFOPLIST_FILE = YES;
				INFOPLIST_KEY_UIApplicationSceneManifest_Generation = YES;
				INFOPLIST_KEY_UIApplicationSupportsIndirectInputEvents = YES;
				INFOPLIST_KEY_UILaunchScreen_Generation = YES;
				INFOPLIST_KEY_UISupportedInterfaceOrientations_iPad = "UIInterfaceOrientationPortrait UIInterfaceOrientationPortraitUpsideDown UIInterfaceOrientationLandscapeLeft UIInterfaceOrientationLandscapeRight";
				INFOPLIST_KEY_UISupportedInterfaceOrientations_iPhone = "UIInterfaceOrientationPortrait UIInterfaceOrientationLandscapeLeft UIInterfaceOrientationLandscapeRight";
				LD_RUNPATH_SEARCH_PATHS = (
					"$(inherited)",
					"@executable_path/Frameworks",
				);
				MARKETING_VERSION = 1.0;
				PRODUCT_BUNDLE_IDENTIFIER = com.gdsed.TodoYandexAppModern;
				PRODUCT_NAME = "$(TARGET_NAME)";
				SWIFT_EMIT_LOC_STRINGS = YES;
				SWIFT_VERSION = 5.0;
				TARGETED_DEVICE_FAMILY = "1,2";
			};
			name = Debug;
		};
		79845ECF2A65CFDD003EA9AC /* Release */ = {
			isa = XCBuildConfiguration;
			buildSettings = {
				ASSETCATALOG_COMPILER_APPICON_NAME = AppIcon;
				ASSETCATALOG_COMPILER_GLOBAL_ACCENT_COLOR_NAME = AccentColor;
				CODE_SIGN_STYLE = Automatic;
				CURRENT_PROJECT_VERSION = 1;
				DEVELOPMENT_ASSET_PATHS = "\"TodoYandexAppModern/Preview Content\"";
				ENABLE_PREVIEWS = YES;
				GENERATE_INFOPLIST_FILE = YES;
				INFOPLIST_KEY_UIApplicationSceneManifest_Generation = YES;
				INFOPLIST_KEY_UIApplicationSupportsIndirectInputEvents = YES;
				INFOPLIST_KEY_UILaunchScreen_Generation = YES;
				INFOPLIST_KEY_UISupportedInterfaceOrientations_iPad = "UIInterfaceOrientationPortrait UIInterfaceOrientationPortraitUpsideDown UIInterfaceOrientationLandscapeLeft UIInterfaceOrientationLandscapeRight";
				INFOPLIST_KEY_UISupportedInterfaceOrientations_iPhone = "UIInterfaceOrientationPortrait UIInterfaceOrientationLandscapeLeft UIInterfaceOrientationLandscapeRight";
				LD_RUNPATH_SEARCH_PATHS = (
					"$(inherited)",
					"@executable_path/Frameworks",
				);
				MARKETING_VERSION = 1.0;
				PRODUCT_BUNDLE_IDENTIFIER = com.gdsed.TodoYandexAppModern;
				PRODUCT_NAME = "$(TARGET_NAME)";
				SWIFT_EMIT_LOC_STRINGS = YES;
				SWIFT_VERSION = 5.0;
				TARGETED_DEVICE_FAMILY = "1,2";
			};
			name = Release;
		};
		79CB57F72A37227A006418BC /* Debug */ = {
			isa = XCBuildConfiguration;
			buildSettings = {
				ALWAYS_SEARCH_USER_PATHS = NO;
				CLANG_ANALYZER_NONNULL = YES;
				CLANG_ANALYZER_NUMBER_OBJECT_CONVERSION = YES_AGGRESSIVE;
				CLANG_CXX_LANGUAGE_STANDARD = "gnu++20";
				CLANG_ENABLE_MODULES = YES;
				CLANG_ENABLE_OBJC_ARC = YES;
				CLANG_ENABLE_OBJC_WEAK = YES;
				CLANG_WARN_BLOCK_CAPTURE_AUTORELEASING = YES;
				CLANG_WARN_BOOL_CONVERSION = YES;
				CLANG_WARN_COMMA = YES;
				CLANG_WARN_CONSTANT_CONVERSION = YES;
				CLANG_WARN_DEPRECATED_OBJC_IMPLEMENTATIONS = YES;
				CLANG_WARN_DIRECT_OBJC_ISA_USAGE = YES_ERROR;
				CLANG_WARN_DOCUMENTATION_COMMENTS = YES;
				CLANG_WARN_EMPTY_BODY = YES;
				CLANG_WARN_ENUM_CONVERSION = YES;
				CLANG_WARN_INFINITE_RECURSION = YES;
				CLANG_WARN_INT_CONVERSION = YES;
				CLANG_WARN_NON_LITERAL_NULL_CONVERSION = YES;
				CLANG_WARN_OBJC_IMPLICIT_RETAIN_SELF = YES;
				CLANG_WARN_OBJC_LITERAL_CONVERSION = YES;
				CLANG_WARN_OBJC_ROOT_CLASS = YES_ERROR;
				CLANG_WARN_QUOTED_INCLUDE_IN_FRAMEWORK_HEADER = YES;
				CLANG_WARN_RANGE_LOOP_ANALYSIS = YES;
				CLANG_WARN_STRICT_PROTOTYPES = YES;
				CLANG_WARN_SUSPICIOUS_MOVE = YES;
				CLANG_WARN_UNGUARDED_AVAILABILITY = YES_AGGRESSIVE;
				CLANG_WARN_UNREACHABLE_CODE = YES;
				CLANG_WARN__DUPLICATE_METHOD_MATCH = YES;
				COPY_PHASE_STRIP = NO;
				DEBUG_INFORMATION_FORMAT = dwarf;
				ENABLE_STRICT_OBJC_MSGSEND = YES;
				ENABLE_TESTABILITY = YES;
				GCC_C_LANGUAGE_STANDARD = gnu11;
				GCC_DYNAMIC_NO_PIC = NO;
				GCC_NO_COMMON_BLOCKS = YES;
				GCC_OPTIMIZATION_LEVEL = 0;
				GCC_PREPROCESSOR_DEFINITIONS = (
					"DEBUG=1",
					"$(inherited)",
				);
				GCC_WARN_64_TO_32_BIT_CONVERSION = YES;
				GCC_WARN_ABOUT_RETURN_TYPE = YES_ERROR;
				GCC_WARN_UNDECLARED_SELECTOR = YES;
				GCC_WARN_UNINITIALIZED_AUTOS = YES_AGGRESSIVE;
				GCC_WARN_UNUSED_FUNCTION = YES;
				GCC_WARN_UNUSED_VARIABLE = YES;
				IPHONEOS_DEPLOYMENT_TARGET = 16.4;
				MTL_ENABLE_DEBUG_INFO = INCLUDE_SOURCE;
				MTL_FAST_MATH = YES;
				ONLY_ACTIVE_ARCH = YES;
				SDKROOT = iphoneos;
				SWIFT_ACTIVE_COMPILATION_CONDITIONS = DEBUG;
				SWIFT_OPTIMIZATION_LEVEL = "-Onone";
			};
			name = Debug;
		};
		79CB57F82A37227A006418BC /* Release */ = {
			isa = XCBuildConfiguration;
			buildSettings = {
				ALWAYS_SEARCH_USER_PATHS = NO;
				CLANG_ANALYZER_NONNULL = YES;
				CLANG_ANALYZER_NUMBER_OBJECT_CONVERSION = YES_AGGRESSIVE;
				CLANG_CXX_LANGUAGE_STANDARD = "gnu++20";
				CLANG_ENABLE_MODULES = YES;
				CLANG_ENABLE_OBJC_ARC = YES;
				CLANG_ENABLE_OBJC_WEAK = YES;
				CLANG_WARN_BLOCK_CAPTURE_AUTORELEASING = YES;
				CLANG_WARN_BOOL_CONVERSION = YES;
				CLANG_WARN_COMMA = YES;
				CLANG_WARN_CONSTANT_CONVERSION = YES;
				CLANG_WARN_DEPRECATED_OBJC_IMPLEMENTATIONS = YES;
				CLANG_WARN_DIRECT_OBJC_ISA_USAGE = YES_ERROR;
				CLANG_WARN_DOCUMENTATION_COMMENTS = YES;
				CLANG_WARN_EMPTY_BODY = YES;
				CLANG_WARN_ENUM_CONVERSION = YES;
				CLANG_WARN_INFINITE_RECURSION = YES;
				CLANG_WARN_INT_CONVERSION = YES;
				CLANG_WARN_NON_LITERAL_NULL_CONVERSION = YES;
				CLANG_WARN_OBJC_IMPLICIT_RETAIN_SELF = YES;
				CLANG_WARN_OBJC_LITERAL_CONVERSION = YES;
				CLANG_WARN_OBJC_ROOT_CLASS = YES_ERROR;
				CLANG_WARN_QUOTED_INCLUDE_IN_FRAMEWORK_HEADER = YES;
				CLANG_WARN_RANGE_LOOP_ANALYSIS = YES;
				CLANG_WARN_STRICT_PROTOTYPES = YES;
				CLANG_WARN_SUSPICIOUS_MOVE = YES;
				CLANG_WARN_UNGUARDED_AVAILABILITY = YES_AGGRESSIVE;
				CLANG_WARN_UNREACHABLE_CODE = YES;
				CLANG_WARN__DUPLICATE_METHOD_MATCH = YES;
				COPY_PHASE_STRIP = NO;
				DEBUG_INFORMATION_FORMAT = "dwarf-with-dsym";
				ENABLE_NS_ASSERTIONS = NO;
				ENABLE_STRICT_OBJC_MSGSEND = YES;
				GCC_C_LANGUAGE_STANDARD = gnu11;
				GCC_NO_COMMON_BLOCKS = YES;
				GCC_WARN_64_TO_32_BIT_CONVERSION = YES;
				GCC_WARN_ABOUT_RETURN_TYPE = YES_ERROR;
				GCC_WARN_UNDECLARED_SELECTOR = YES;
				GCC_WARN_UNINITIALIZED_AUTOS = YES_AGGRESSIVE;
				GCC_WARN_UNUSED_FUNCTION = YES;
				GCC_WARN_UNUSED_VARIABLE = YES;
				IPHONEOS_DEPLOYMENT_TARGET = 16.4;
				MTL_ENABLE_DEBUG_INFO = NO;
				MTL_FAST_MATH = YES;
				SDKROOT = iphoneos;
				SWIFT_COMPILATION_MODE = wholemodule;
				SWIFT_OPTIMIZATION_LEVEL = "-O";
				VALIDATE_PRODUCT = YES;
			};
			name = Release;
		};
		79CB57FA2A37227A006418BC /* Debug */ = {
			isa = XCBuildConfiguration;
			baseConfigurationReference = 9EF0E8A79A64917EB5F1A062 /* Pods-TodoYandexApp.debug.xcconfig */;
			buildSettings = {
				ASSETCATALOG_COMPILER_APPICON_NAME = AppIcon;
				ASSETCATALOG_COMPILER_GLOBAL_ACCENT_COLOR_NAME = AccentColor;
				CODE_SIGN_STYLE = Automatic;
				CURRENT_PROJECT_VERSION = 1;
				GENERATE_INFOPLIST_FILE = YES;
				INFOPLIST_FILE = TodoYandexApp/Info.plist;
				INFOPLIST_KEY_UIApplicationSupportsIndirectInputEvents = YES;
				INFOPLIST_KEY_UILaunchStoryboardName = LaunchScreen.storyboard;
				INFOPLIST_KEY_UIMainStoryboardFile = "";
				INFOPLIST_KEY_UISupportedInterfaceOrientations_iPad = "UIInterfaceOrientationPortrait UIInterfaceOrientationPortraitUpsideDown UIInterfaceOrientationLandscapeLeft UIInterfaceOrientationLandscapeRight";
				INFOPLIST_KEY_UISupportedInterfaceOrientations_iPhone = "UIInterfaceOrientationPortrait UIInterfaceOrientationLandscapeLeft UIInterfaceOrientationLandscapeRight";
				LD_RUNPATH_SEARCH_PATHS = (
					"$(inherited)",
					"@executable_path/Frameworks",
				);
				MARKETING_VERSION = 1.0;
				PRODUCT_BUNDLE_IDENTIFIER = com.gdsed.TodoYandexApp;
				PRODUCT_NAME = "$(TARGET_NAME)";
				SWIFT_EMIT_LOC_STRINGS = YES;
				SWIFT_STRICT_CONCURRENCY = complete;
				SWIFT_VERSION = 5.0;
				TARGETED_DEVICE_FAMILY = "1,2";
			};
			name = Debug;
		};
		79CB57FB2A37227A006418BC /* Release */ = {
			isa = XCBuildConfiguration;
			baseConfigurationReference = DE85028B46C5AD80C2C44B9E /* Pods-TodoYandexApp.release.xcconfig */;
			buildSettings = {
				ASSETCATALOG_COMPILER_APPICON_NAME = AppIcon;
				ASSETCATALOG_COMPILER_GLOBAL_ACCENT_COLOR_NAME = AccentColor;
				CODE_SIGN_STYLE = Automatic;
				CURRENT_PROJECT_VERSION = 1;
				GENERATE_INFOPLIST_FILE = YES;
				INFOPLIST_FILE = TodoYandexApp/Info.plist;
				INFOPLIST_KEY_UIApplicationSupportsIndirectInputEvents = YES;
				INFOPLIST_KEY_UILaunchStoryboardName = LaunchScreen.storyboard;
				INFOPLIST_KEY_UIMainStoryboardFile = "";
				INFOPLIST_KEY_UISupportedInterfaceOrientations_iPad = "UIInterfaceOrientationPortrait UIInterfaceOrientationPortraitUpsideDown UIInterfaceOrientationLandscapeLeft UIInterfaceOrientationLandscapeRight";
				INFOPLIST_KEY_UISupportedInterfaceOrientations_iPhone = "UIInterfaceOrientationPortrait UIInterfaceOrientationLandscapeLeft UIInterfaceOrientationLandscapeRight";
				LD_RUNPATH_SEARCH_PATHS = (
					"$(inherited)",
					"@executable_path/Frameworks",
				);
				MARKETING_VERSION = 1.0;
				PRODUCT_BUNDLE_IDENTIFIER = com.gdsed.TodoYandexApp;
				PRODUCT_NAME = "$(TARGET_NAME)";
				SWIFT_EMIT_LOC_STRINGS = YES;
				SWIFT_STRICT_CONCURRENCY = complete;
				SWIFT_VERSION = 5.0;
				TARGETED_DEVICE_FAMILY = "1,2";
			};
			name = Release;
		};
		79CB8EF92A387194001A07EA /* Debug */ = {
			isa = XCBuildConfiguration;
			baseConfigurationReference = 29AA23367B66264B4C8CFB3F /* Pods-TodoYandexApp-TodoYandexAppTests.debug.xcconfig */;
			buildSettings = {
				BUNDLE_LOADER = "$(TEST_HOST)";
				CODE_SIGN_STYLE = Automatic;
				CURRENT_PROJECT_VERSION = 1;
				GENERATE_INFOPLIST_FILE = YES;
				MARKETING_VERSION = 1.0;
				PRODUCT_BUNDLE_IDENTIFIER = com.gdsed.TodoYandexAppTests;
				PRODUCT_NAME = "$(TARGET_NAME)";
				SWIFT_EMIT_LOC_STRINGS = NO;
				SWIFT_VERSION = 5.0;
				TARGETED_DEVICE_FAMILY = "1,2";
				TEST_HOST = "$(BUILT_PRODUCTS_DIR)/TodoYandexApp.app/$(BUNDLE_EXECUTABLE_FOLDER_PATH)/TodoYandexApp";
			};
			name = Debug;
		};
		79CB8EFA2A387194001A07EA /* Release */ = {
			isa = XCBuildConfiguration;
			baseConfigurationReference = 19F4E82F8590DACDDA1B948A /* Pods-TodoYandexApp-TodoYandexAppTests.release.xcconfig */;
			buildSettings = {
				BUNDLE_LOADER = "$(TEST_HOST)";
				CODE_SIGN_STYLE = Automatic;
				CURRENT_PROJECT_VERSION = 1;
				GENERATE_INFOPLIST_FILE = YES;
				MARKETING_VERSION = 1.0;
				PRODUCT_BUNDLE_IDENTIFIER = com.gdsed.TodoYandexAppTests;
				PRODUCT_NAME = "$(TARGET_NAME)";
				SWIFT_EMIT_LOC_STRINGS = NO;
				SWIFT_VERSION = 5.0;
				TARGETED_DEVICE_FAMILY = "1,2";
				TEST_HOST = "$(BUILT_PRODUCTS_DIR)/TodoYandexApp.app/$(BUNDLE_EXECUTABLE_FOLDER_PATH)/TodoYandexApp";
			};
			name = Release;
		};
/* End XCBuildConfiguration section */

/* Begin XCConfigurationList section */
		79845ECD2A65CFDD003EA9AC /* Build configuration list for PBXNativeTarget "TodoYandexAppModern" */ = {
			isa = XCConfigurationList;
			buildConfigurations = (
				79845ECE2A65CFDD003EA9AC /* Debug */,
				79845ECF2A65CFDD003EA9AC /* Release */,
			);
			defaultConfigurationIsVisible = 0;
			defaultConfigurationName = Release;
		};
		79CB57CA2A372279006418BC /* Build configuration list for PBXProject "TodoYandexApp" */ = {
			isa = XCConfigurationList;
			buildConfigurations = (
				79CB57F72A37227A006418BC /* Debug */,
				79CB57F82A37227A006418BC /* Release */,
			);
			defaultConfigurationIsVisible = 0;
			defaultConfigurationName = Release;
		};
		79CB57F92A37227A006418BC /* Build configuration list for PBXNativeTarget "TodoYandexApp" */ = {
			isa = XCConfigurationList;
			buildConfigurations = (
				79CB57FA2A37227A006418BC /* Debug */,
				79CB57FB2A37227A006418BC /* Release */,
			);
			defaultConfigurationIsVisible = 0;
			defaultConfigurationName = Release;
		};
		79CB8EFB2A387194001A07EA /* Build configuration list for PBXNativeTarget "TodoYandexAppTests" */ = {
			isa = XCConfigurationList;
			buildConfigurations = (
				79CB8EF92A387194001A07EA /* Debug */,
				79CB8EFA2A387194001A07EA /* Release */,
			);
			defaultConfigurationIsVisible = 0;
			defaultConfigurationName = Release;
		};
/* End XCConfigurationList section */

/* Begin XCRemoteSwiftPackageReference section */
		7974D17F2A4F3FA90040B370 /* XCRemoteSwiftPackageReference "CocoaLumberjack" */ = {
			isa = XCRemoteSwiftPackageReference;
			repositoryURL = "https://github.com/CocoaLumberjack/CocoaLumberjack.git";
			requirement = {
				kind = upToNextMinorVersion;
				minimumVersion = 3.8.0;
			};
		};
		79D3D3E52A61F44300292DEA /* XCRemoteSwiftPackageReference "SQLite.swift" */ = {
			isa = XCRemoteSwiftPackageReference;
			repositoryURL = "https://github.com/stephencelis/SQLite.swift.git";
			requirement = {
				kind = upToNextMajorVersion;
				minimumVersion = 0.14.1;
			};
		};
/* End XCRemoteSwiftPackageReference section */

/* Begin XCSwiftPackageProductDependency section */
		7974D1802A4F3FA90040B370 /* CocoaLumberjack */ = {
			isa = XCSwiftPackageProductDependency;
			package = 7974D17F2A4F3FA90040B370 /* XCRemoteSwiftPackageReference "CocoaLumberjack" */;
			productName = CocoaLumberjack;
		};
		7974D1822A4F3FA90040B370 /* CocoaLumberjackSwift */ = {
			isa = XCSwiftPackageProductDependency;
			package = 7974D17F2A4F3FA90040B370 /* XCRemoteSwiftPackageReference "CocoaLumberjack" */;
			productName = CocoaLumberjackSwift;
		};
		7974D1842A4F3FA90040B370 /* CocoaLumberjackSwiftLogBackend */ = {
			isa = XCSwiftPackageProductDependency;
			package = 7974D17F2A4F3FA90040B370 /* XCRemoteSwiftPackageReference "CocoaLumberjack" */;
			productName = CocoaLumberjackSwiftLogBackend;
		};
		798930E92A588D810064BDC5 /* FileCachePackage */ = {
			isa = XCSwiftPackageProductDependency;
			productName = FileCachePackage;
		};
		79D3D3E62A61F44300292DEA /* SQLite */ = {
			isa = XCSwiftPackageProductDependency;
			package = 79D3D3E52A61F44300292DEA /* XCRemoteSwiftPackageReference "SQLite.swift" */;
			productName = SQLite;
		};
/* End XCSwiftPackageProductDependency section */

/* Begin XCVersionGroup section */
		79D3D3D32A5FE3DC00292DEA /* Model.xcdatamodeld */ = {
			isa = XCVersionGroup;
			children = (
				79D3D3D42A5FE3DC00292DEA /* Model.xcdatamodel */,
			);
			currentVersion = 79D3D3D42A5FE3DC00292DEA /* Model.xcdatamodel */;
			path = Model.xcdatamodeld;
			sourceTree = "<group>";
			versionGroupType = wrapper.xcdatamodel;
		};
/* End XCVersionGroup section */
	};
	rootObject = 79CB57C72A372279006418BC /* Project object */;
}
